
Microsoft Visual Studio Solution File, Format Version 12.00
# Visual Studio 15
VisualStudioVersion = 15.0.27428.2037
MinimumVisualStudioVersion = 10.0.40219.1
Project("{FAE04EC0-301F-11D3-BF4B-00C04F79EFBC}") = "UIX", "UIX\UIX.csproj", "{23C69BA9-632D-47DF-B963-927E43F5F800}"
EndProject
Project("{FAE04EC0-301F-11D3-BF4B-00C04F79EFBC}") = "BURGUERSHACK_DESKTOP", "BURGUERSHACK_DESKTOP\BURGUERSHACK_DESKTOP.csproj", "{A6D75C14-046F-4D6D-999F-07ECF3B7D6A4}"
	ProjectSection(ProjectDependencies) = postProject
		{452F8DB0-90E2-4013-BFCC-C95EF01FB806} = {452F8DB0-90E2-4013-BFCC-C95EF01FB806}
	EndProjectSection
EndProject
Project("{FAE04EC0-301F-11D3-BF4B-00C04F79EFBC}") = "SQL_POWERUP", "SQL_POWERUP\SQL_POWERUP.csproj", "{888AC877-43D7-4A2F-A1EF-255C3E215CD0}"
EndProject
Project("{FAE04EC0-301F-11D3-BF4B-00C04F79EFBC}") = "BURGUERSHACK_COMMON", "BURGUERSHACK_COMMON\BURGUERSHACK_COMMON.csproj", "{452F8DB0-90E2-4013-BFCC-C95EF01FB806}"
EndProject
Global
	GlobalSection(SolutionConfigurationPlatforms) = preSolution
		Debug|Any CPU = Debug|Any CPU
		Release|Any CPU = Release|Any CPU
	EndGlobalSection
	GlobalSection(ProjectConfigurationPlatforms) = postSolution
		{23C69BA9-632D-47DF-B963-927E43F5F800}.Debug|Any CPU.ActiveCfg = Debug|Any CPU
		{23C69BA9-632D-47DF-B963-927E43F5F800}.Debug|Any CPU.Build.0 = Debug|Any CPU
		{23C69BA9-632D-47DF-B963-927E43F5F800}.Release|Any CPU.ActiveCfg = Release|Any CPU
		{23C69BA9-632D-47DF-B963-927E43F5F800}.Release|Any CPU.Build.0 = Release|Any CPU
		{A6D75C14-046F-4D6D-999F-07ECF3B7D6A4}.Debug|Any CPU.ActiveCfg = Debug|Any CPU
		{A6D75C14-046F-4D6D-999F-07ECF3B7D6A4}.Debug|Any CPU.Build.0 = Debug|Any CPU
		{A6D75C14-046F-4D6D-999F-07ECF3B7D6A4}.Release|Any CPU.ActiveCfg = Release|Any CPU
		{A6D75C14-046F-4D6D-999F-07ECF3B7D6A4}.Release|Any CPU.Build.0 = Release|Any CPU
		{888AC877-43D7-4A2F-A1EF-255C3E215CD0}.Debug|Any CPU.ActiveCfg = Debug|Any CPU
		{888AC877-43D7-4A2F-A1EF-255C3E215CD0}.Debug|Any CPU.Build.0 = Debug|Any CPU
		{888AC877-43D7-4A2F-A1EF-255C3E215CD0}.Release|Any CPU.ActiveCfg = Release|Any CPU
		{888AC877-43D7-4A2F-A1EF-255C3E215CD0}.Release|Any CPU.Build.0 = Release|Any CPU
		{452F8DB0-90E2-4013-BFCC-C95EF01FB806}.Debug|Any CPU.ActiveCfg = Debug|Any CPU
		{452F8DB0-90E2-4013-BFCC-C95EF01FB806}.Debug|Any CPU.Build.0 = Debug|Any CPU
		{452F8DB0-90E2-4013-BFCC-C95EF01FB806}.Release|Any CPU.ActiveCfg = Release|Any CPU
		{452F8DB0-90E2-4013-BFCC-C95EF01FB806}.Release|Any CPU.Build.0 = Release|Any CPU
	EndGlobalSection
	GlobalSection(SolutionProperties) = preSolution
		HideSolutionNode = FALSE
	EndGlobalSection
	GlobalSection(ExtensibilityGlobals) = postSolution
		SolutionGuid = {61390903-F1DC-43DB-B305-3BB740442EB5}
	EndGlobalSection
EndGlobal
